# THIS IS AN AUTOGENERATED FILE. DO NOT EDIT THIS FILE DIRECTLY.
# yarn lockfile v1


dateformat@^3.0.3:
  version "3.0.3"
  resolved "https://registry.yarnpkg.com/dateformat/-/dateformat-3.0.3.tgz#a6e37499a4d9a9cf85ef5872044d62901c9889ae"
  integrity sha512-jyCETtSl3VMZMWeRo7iY1FL19ges1t55hMo5yaam4Jrsm5EPL89UQkoQRyiI+Yf4k8r2ZpdngkV8hr1lIdjb3Q==

fast-extend@1.0.2:
  version "1.0.2"
  resolved "https://registry.yarnpkg.com/fast-extend/-/fast-extend-1.0.2.tgz#3b8a5b09cbc8ff3d6d47eaf397398c0a643e441b"
  integrity sha512-XXA9RmlPatkFKUzqVZAFth18R4Wo+Xug/S+C7YlYA3xrXwfPlW3dqNwOb4hvQo7wZJ2cNDYhrYuPzVOfHy5/uQ==

fs-monkey@0.3.3:
  version "0.3.3"
  resolved "https://registry.yarnpkg.com/fs-monkey/-/fs-monkey-0.3.3.tgz#7960bb2b1fa2653731b9d0e2e84812a7e8b3664a"
  integrity sha512-FNUvuTAJ3CqCQb5ELn+qCbGR/Zllhf2HtwsdAtBi59s1WeCjKMT81fHcSu7dwIskqGVK+MmOrb7VOBlq3/SItw==

memfs@^3.0.4:
  version "3.0.4"
  resolved "https://registry.yarnpkg.com/memfs/-/memfs-3.0.4.tgz#17997ec34d67d0a4756f6a34f2fefd13a8dbab08"
  integrity sha512-OcZEzwX9E5AoY8SXjuAvw0DbIAYwUzV/I236I8Pqvrlv7sL/Y0E9aRCon05DhaV8pg1b32uxj76RgW0s5xjHBA==
  dependencies:
    fast-extend "1.0.2"
    fs-monkey "0.3.3"

nodes7@^0.3.10:
  version "0.3.10"
  resolved "https://registry.yarnpkg.com/nodes7/-/nodes7-0.3.10.tgz#d824398617c41643972089ea0d04919812132983"
  integrity sha512-L1fiyWiJ9MVUaFrX3n3SDRgm7ir0uQ+dLvrAIfyAJQH9WKgHQ1NxSVjcO6MJJFmHqJxbtUtfF8g94/b2xt8IuQ==
